PODS:
  - SwiftGifOrigin (1.6.1)

DEPENDENCIES:
  - SwiftGifOrigin (~> 1.6.1)

SPEC REPOS:
  https://github.com/CocoaPods/Specs.git:
    - SwiftGifOrigin

SPEC CHECKSUMS:
  SwiftGifOrigin: d6679d3ebe9df2e049a84bc52582635107b581f6

PODFILE CHECKSUM: 13917190230a689d6a95277b3e506c8fcd754ab1

COCOAPODS: 1.5.0
